
Microsoft Visual Studio Solution File, Format Version 12.00
# Visual Studio Version 16
VisualStudioVersion = 16.0.29503.13
MinimumVisualStudioVersion = 10.0.40219.1
Project("{FAE04EC0-301F-11D3-BF4B-00C04F79EFBC}") = "CinemaManagement", "CinemaManagement.csproj", "{8119252C-66BC-4BB4-883D-83F00D901A30}"
EndProject
Global
	GlobalSection(SolutionConfigurationPlatforms) = preSolution
		Debug|Any CPU = Debug|Any CPU
		Release|Any CPU = Release|Any CPU
	EndGlobalSection
	GlobalSection(ProjectConfigurationPlatforms) = postSolution
		{8119252C-66BC-4BB4-883D-83F00D901A30}.Debug|Any CPU.ActiveCfg = Debug|Any CPU
		{8119252C-66BC-4BB4-883D-83F00D901A30}.Debug|Any CPU.Build.0 = Debug|Any CPU
		{8119252C-66BC-4BB4-883D-83F00D901A30}.Release|Any CPU.ActiveCfg = Release|Any CPU
		{8119252C-66BC-4BB4-883D-83F00D901A30}.Release|Any CPU.Build.0 = Release|Any CPU
	EndGlobalSection
	GlobalSection(SolutionProperties) = preSolution
		HideSolutionNode = FALSE
	EndGlobalSection
	GlobalSection(ExtensibilityGlobals) = postSolution
		SolutionGuid = {0A4DF0E1-6523-408C-B96F-452397E1EA19}
	EndGlobalSection
EndGlobal
