
Microsoft Visual Studio Solution File, Format Version 12.00
# Visual Studio Version 16
VisualStudioVersion = 16.0.29503.13
MinimumVisualStudioVersion = 10.0.40219.1
Project("{FAE04EC0-301F-11D3-BF4B-00C04F79EFBC}") = "SchoolManagment", "SchoolManagment\SchoolManagment.csproj", "{2B97BB8E-BCB6-4CB7-B98B-29BA8022899C}"
EndProject
Global
	GlobalSection(SolutionConfigurationPlatforms) = preSolution
		Debug|Any CPU = Debug|Any CPU
		Release|Any CPU = Release|Any CPU
	EndGlobalSection
	GlobalSection(ProjectConfigurationPlatforms) = postSolution
		{2B97BB8E-BCB6-4CB7-B98B-29BA8022899C}.Debug|Any CPU.ActiveCfg = Debug|Any CPU
		{2B97BB8E-BCB6-4CB7-B98B-29BA8022899C}.Debug|Any CPU.Build.0 = Debug|Any CPU
		{2B97BB8E-BCB6-4CB7-B98B-29BA8022899C}.Release|Any CPU.ActiveCfg = Release|Any CPU
		{2B97BB8E-BCB6-4CB7-B98B-29BA8022899C}.Release|Any CPU.Build.0 = Release|Any CPU
	EndGlobalSection
	GlobalSection(SolutionProperties) = preSolution
		HideSolutionNode = FALSE
	EndGlobalSection
	GlobalSection(ExtensibilityGlobals) = postSolution
		SolutionGuid = {DF520B49-0CE5-44D9-BF82-2AC1FEB0A376}
	EndGlobalSection
EndGlobal
